
Microsoft Visual Studio Solution File, Format Version 12.00
# Visual Studio Version 17
VisualStudioVersion = 17.1.32210.238
MinimumVisualStudioVersion = 10.0.40219.1
Project("{FAE04EC0-301F-11D3-BF4B-00C04F79EFBC}") = "Scala.Interfaces2.Wpf", "Scala.Interfaces2.Wpf\Scala.Interfaces2.Wpf.csproj", "{B2AE1B17-3E55-43BE-8801-98B44D8E1059}"
EndProject
Global
	GlobalSection(SolutionConfigurationPlatforms) = preSolution
		Debug|Any CPU = Debug|Any CPU
		Release|Any CPU = Release|Any CPU
	EndGlobalSection
	GlobalSection(ProjectConfigurationPlatforms) = postSolution
		{B2AE1B17-3E55-43BE-8801-98B44D8E1059}.Debug|Any CPU.ActiveCfg = Debug|Any CPU
		{B2AE1B17-3E55-43BE-8801-98B44D8E1059}.Debug|Any CPU.Build.0 = Debug|Any CPU
		{B2AE1B17-3E55-43BE-8801-98B44D8E1059}.Release|Any CPU.ActiveCfg = Release|Any CPU
		{B2AE1B17-3E55-43BE-8801-98B44D8E1059}.Release|Any CPU.Build.0 = Release|Any CPU
	EndGlobalSection
	GlobalSection(SolutionProperties) = preSolution
		HideSolutionNode = FALSE
	EndGlobalSection
	GlobalSection(ExtensibilityGlobals) = postSolution
		SolutionGuid = {57D4F5CE-0CFA-45EA-8806-B638BDC64D73}
	EndGlobalSection
EndGlobal
